
Microsoft Visual Studio Solution File, Format Version 12.00
# Visual Studio Version 17
VisualStudioVersion = 17.13.35825.156
MinimumVisualStudioVersion = 10.0.40219.1
Project("{FAE04EC0-301F-11D3-BF4B-00C04F79EFBC}") = "AdminPartDevelop", "AdminPartDevelop\AdminPartDevelop.csproj", "{30CB9769-B778-4018-B2EB-E7291D0A4EA8}"
EndProject
Project("{FAE04EC0-301F-11D3-BF4B-00C04F79EFBC}") = "AdminPartDevelop.Tests", "AdminPartDevelop.Tests\AdminPartDevelop.Tests.csproj", "{550F6024-E537-4905-B81A-1F3C10868F91}"
EndProject
Global
	GlobalSection(SolutionConfigurationPlatforms) = preSolution
		Debug|Any CPU = Debug|Any CPU
		Release|Any CPU = Release|Any CPU
	EndGlobalSection
	GlobalSection(ProjectConfigurationPlatforms) = postSolution
		{30CB9769-B778-4018-B2EB-E7291D0A4EA8}.Debug|Any CPU.ActiveCfg = Debug|Any CPU
		{30CB9769-B778-4018-B2EB-E7291D0A4EA8}.Debug|Any CPU.Build.0 = Debug|Any CPU
		{30CB9769-B778-4018-B2EB-E7291D0A4EA8}.Release|Any CPU.ActiveCfg = Release|Any CPU
		{30CB9769-B778-4018-B2EB-E7291D0A4EA8}.Release|Any CPU.Build.0 = Release|Any CPU
		{550F6024-E537-4905-B81A-1F3C10868F91}.Debug|Any CPU.ActiveCfg = Debug|Any CPU
		{550F6024-E537-4905-B81A-1F3C10868F91}.Debug|Any CPU.Build.0 = Debug|Any CPU
		{550F6024-E537-4905-B81A-1F3C10868F91}.Release|Any CPU.ActiveCfg = Release|Any CPU
		{550F6024-E537-4905-B81A-1F3C10868F91}.Release|Any CPU.Build.0 = Release|Any CPU
	EndGlobalSection
	GlobalSection(SolutionProperties) = preSolution
		HideSolutionNode = FALSE
	EndGlobalSection
	GlobalSection(ExtensibilityGlobals) = postSolution
		SolutionGuid = {55002040-FF54-42E5-888C-C7616F84E363}
	EndGlobalSection
EndGlobal
